
Microsoft Visual Studio Solution File, Format Version 12.00
# Visual Studio Version 16
VisualStudioVersion = 16.0.30523.141
MinimumVisualStudioVersion = 10.0.40219.1
Project("{FAE04EC0-301F-11D3-BF4B-00C04F79EFBC}") = "BlazorDemo", "BlazorDemo\BlazorDemo.csproj", "{982D1B53-D80F-45D2-8A61-7AB74BDA0F36}"
EndProject
Global
	GlobalSection(SolutionConfigurationPlatforms) = preSolution
		Debug|Any CPU = Debug|Any CPU
		Release|Any CPU = Release|Any CPU
	EndGlobalSection
	GlobalSection(ProjectConfigurationPlatforms) = postSolution
		{982D1B53-D80F-45D2-8A61-7AB74BDA0F36}.Debug|Any CPU.ActiveCfg = Debug|Any CPU
		{982D1B53-D80F-45D2-8A61-7AB74BDA0F36}.Debug|Any CPU.Build.0 = Debug|Any CPU
		{982D1B53-D80F-45D2-8A61-7AB74BDA0F36}.Release|Any CPU.ActiveCfg = Release|Any CPU
		{982D1B53-D80F-45D2-8A61-7AB74BDA0F36}.Release|Any CPU.Build.0 = Release|Any CPU
	EndGlobalSection
	GlobalSection(SolutionProperties) = preSolution
		HideSolutionNode = FALSE
	EndGlobalSection
	GlobalSection(ExtensibilityGlobals) = postSolution
		SolutionGuid = {05F9B55C-42D7-4FBD-A76B-0F650912E753}
	EndGlobalSection
EndGlobal
